
Microsoft Visual Studio Solution File, Format Version 12.00
# Visual Studio Version 17
VisualStudioVersion = 17.0.31612.314
MinimumVisualStudioVersion = 10.0.40219.1
Project("{FAE04EC0-301F-11D3-BF4B-00C04F79EFBC}") = "DIO.Series", "DIO.Series\DIO.Series.csproj", "{3AD10F46-763A-4688-8A87-59E238C04E2E}"
EndProject
Global
	GlobalSection(SolutionConfigurationPlatforms) = preSolution
		Debug|Any CPU = Debug|Any CPU
		Release|Any CPU = Release|Any CPU
	EndGlobalSection
	GlobalSection(ProjectConfigurationPlatforms) = postSolution
		{3AD10F46-763A-4688-8A87-59E238C04E2E}.Debug|Any CPU.ActiveCfg = Debug|Any CPU
		{3AD10F46-763A-4688-8A87-59E238C04E2E}.Debug|Any CPU.Build.0 = Debug|Any CPU
		{3AD10F46-763A-4688-8A87-59E238C04E2E}.Release|Any CPU.ActiveCfg = Release|Any CPU
		{3AD10F46-763A-4688-8A87-59E238C04E2E}.Release|Any CPU.Build.0 = Release|Any CPU
	EndGlobalSection
	GlobalSection(SolutionProperties) = preSolution
		HideSolutionNode = FALSE
	EndGlobalSection
	GlobalSection(ExtensibilityGlobals) = postSolution
		SolutionGuid = {58D85536-1AE3-48C1-A56F-5F93F2EC9295}
	EndGlobalSection
EndGlobal
